
Microsoft Visual Studio Solution File, Format Version 12.00
# Visual Studio Version 17
VisualStudioVersion = 17.9.34616.47
MinimumVisualStudioVersion = 10.0.40219.1
Project("{FAE04EC0-301F-11D3-BF4B-00C04F79EFBC}") = "GerenciamentoDeTarefas", "GerenciamentoDeTarefas\GerenciamentoDeTarefas.csproj", "{4173593F-270A-4115-9228-F47D4EB24F6D}"
EndProject
Global
	GlobalSection(SolutionConfigurationPlatforms) = preSolution
		Debug|Any CPU = Debug|Any CPU
		Release|Any CPU = Release|Any CPU
	EndGlobalSection
	GlobalSection(ProjectConfigurationPlatforms) = postSolution
		{4173593F-270A-4115-9228-F47D4EB24F6D}.Debug|Any CPU.ActiveCfg = Debug|Any CPU
		{4173593F-270A-4115-9228-F47D4EB24F6D}.Debug|Any CPU.Build.0 = Debug|Any CPU
		{4173593F-270A-4115-9228-F47D4EB24F6D}.Release|Any CPU.ActiveCfg = Release|Any CPU
		{4173593F-270A-4115-9228-F47D4EB24F6D}.Release|Any CPU.Build.0 = Release|Any CPU
	EndGlobalSection
	GlobalSection(SolutionProperties) = preSolution
		HideSolutionNode = FALSE
	EndGlobalSection
	GlobalSection(ExtensibilityGlobals) = postSolution
		SolutionGuid = {AA054128-1180-4BCB-BEA8-5057496E4EA5}
	EndGlobalSection
EndGlobal
